
Microsoft Visual Studio Solution File, Format Version 12.00
# Visual Studio 15
VisualStudioVersion = 15.0.27130.2027
MinimumVisualStudioVersion = 10.0.40219.1
Project("{2150E333-8FDC-42A3-9474-1A3956D46DE8}") = "1 - Apresentation", "1 - Apresentation", "{8F170E70-3FCF-467C-A939-C62E2727407A}"
EndProject
Project("{2150E333-8FDC-42A3-9474-1A3956D46DE8}") = "2 - Application", "2 - Application", "{F560347B-6E40-4EF2-A9D8-4FB54D31FB7D}"
EndProject
Project("{2150E333-8FDC-42A3-9474-1A3956D46DE8}") = "3 - DomainService", "3 - DomainService", "{CFC1BD51-1821-4C55-BDF9-3967E20D36A2}"
EndProject
Project("{2150E333-8FDC-42A3-9474-1A3956D46DE8}") = "4 - Infra", "4 - Infra", "{435093B0-3424-45D2-B055-9B3713BAA442}"
EndProject
Project("{2150E333-8FDC-42A3-9474-1A3956D46DE8}") = "5 - Kernel", "5 - Kernel", "{14EFBB0D-FDD1-4295-888E-C9C53FE5B26E}"
EndProject
Project("{2150E333-8FDC-42A3-9474-1A3956D46DE8}") = "6 - Helpers", "6 - Helpers", "{5EF08FF8-AC18-4D25-9899-16AC73518B97}"
EndProject
Project("{9A19103F-16F7-4668-BE54-9A1E7A4F7556}") = "MyTestViajaNet.DomainService", "MyTestViajaNet.DomainService\MyTestViajaNet.DomainService.csproj", "{7BFAC990-0AE7-40A8-AC92-BF5998EA882C}"
EndProject
Project("{2150E333-8FDC-42A3-9474-1A3956D46DE8}") = "3.1 - Data", "3.1 - Data", "{8138A03D-317B-4F66-88B6-FBE975C7283E}"
EndProject
Project("{2150E333-8FDC-42A3-9474-1A3956D46DE8}") = "3.2 -  CrossCuting", "3.2 -  CrossCuting", "{A39056D0-AFB5-46FA-8B3C-984657A71881}"
EndProject
Project("{2150E333-8FDC-42A3-9474-1A3956D46DE8}") = "3.3 - Provider", "3.3 - Provider", "{5F709F2E-721C-40A6-97D0-891F42AE2434}"
EndProject
Project("{9A19103F-16F7-4668-BE54-9A1E7A4F7556}") = "MyTestViajaNet.Kernel", "MyTestViajaNet.Kernel\MyTestViajaNet.Kernel.csproj", "{F3E52966-B6BD-4157-9792-AF02B3D0D4FD}"
EndProject
Project("{9A19103F-16F7-4668-BE54-9A1E7A4F7556}") = "MyTestViajanet.AppMVC", "MyTestViajanet.AppMVC\MyTestViajanet.AppMVC.csproj", "{EB98215F-36D4-4903-AE69-1BE2EF741941}"
EndProject
Project("{9A19103F-16F7-4668-BE54-9A1E7A4F7556}") = "MyTestViajanet.AppService", "MyTestViajanet.AppService\MyTestViajanet.AppService.csproj", "{82994CD1-145C-4544-B44C-D5B46DBBDE5C}"
EndProject
Project("{9A19103F-16F7-4668-BE54-9A1E7A4F7556}") = "MyTestViajanet.Infra.Data", "MyTestViajanet.Infra.Data\MyTestViajanet.Infra.Data.csproj", "{9530975F-572F-4647-A4DB-BF00A30857BA}"
EndProject
Project("{9A19103F-16F7-4668-BE54-9A1E7A4F7556}") = "MyTestViajanet.Helpers", "MyTestViajanet.Helpers\MyTestViajanet.Helpers.csproj", "{FC7F269C-1BF0-43FF-B08E-2F011A9BBBE6}"
EndProject
Project("{FAE04EC0-301F-11D3-BF4B-00C04F79EFBC}") = "MyTestViajanet.RabbitMQ", "MyTestViajanet.RabbitMQ\MyTestViajanet.RabbitMQ.csproj", "{5D7AAB08-840D-46AA-B35B-742C63F062FA}"
EndProject
Global
	GlobalSection(SolutionConfigurationPlatforms) = preSolution
		Debug|Any CPU = Debug|Any CPU
		Release|Any CPU = Release|Any CPU
	EndGlobalSection
	GlobalSection(ProjectConfigurationPlatforms) = postSolution
		{7BFAC990-0AE7-40A8-AC92-BF5998EA882C}.Debug|Any CPU.ActiveCfg = Debug|Any CPU
		{7BFAC990-0AE7-40A8-AC92-BF5998EA882C}.Debug|Any CPU.Build.0 = Debug|Any CPU
		{7BFAC990-0AE7-40A8-AC92-BF5998EA882C}.Release|Any CPU.ActiveCfg = Release|Any CPU
		{7BFAC990-0AE7-40A8-AC92-BF5998EA882C}.Release|Any CPU.Build.0 = Release|Any CPU
		{F3E52966-B6BD-4157-9792-AF02B3D0D4FD}.Debug|Any CPU.ActiveCfg = Debug|Any CPU
		{F3E52966-B6BD-4157-9792-AF02B3D0D4FD}.Debug|Any CPU.Build.0 = Debug|Any CPU
		{F3E52966-B6BD-4157-9792-AF02B3D0D4FD}.Release|Any CPU.ActiveCfg = Release|Any CPU
		{F3E52966-B6BD-4157-9792-AF02B3D0D4FD}.Release|Any CPU.Build.0 = Release|Any CPU
		{EB98215F-36D4-4903-AE69-1BE2EF741941}.Debug|Any CPU.ActiveCfg = Debug|Any CPU
		{EB98215F-36D4-4903-AE69-1BE2EF741941}.Debug|Any CPU.Build.0 = Debug|Any CPU
		{EB98215F-36D4-4903-AE69-1BE2EF741941}.Release|Any CPU.ActiveCfg = Release|Any CPU
		{EB98215F-36D4-4903-AE69-1BE2EF741941}.Release|Any CPU.Build.0 = Release|Any CPU
		{82994CD1-145C-4544-B44C-D5B46DBBDE5C}.Debug|Any CPU.ActiveCfg = Debug|Any CPU
		{82994CD1-145C-4544-B44C-D5B46DBBDE5C}.Debug|Any CPU.Build.0 = Debug|Any CPU
		{82994CD1-145C-4544-B44C-D5B46DBBDE5C}.Release|Any CPU.ActiveCfg = Release|Any CPU
		{82994CD1-145C-4544-B44C-D5B46DBBDE5C}.Release|Any CPU.Build.0 = Release|Any CPU
		{9530975F-572F-4647-A4DB-BF00A30857BA}.Debug|Any CPU.ActiveCfg = Debug|Any CPU
		{9530975F-572F-4647-A4DB-BF00A30857BA}.Debug|Any CPU.Build.0 = Debug|Any CPU
		{9530975F-572F-4647-A4DB-BF00A30857BA}.Release|Any CPU.ActiveCfg = Release|Any CPU
		{9530975F-572F-4647-A4DB-BF00A30857BA}.Release|Any CPU.Build.0 = Release|Any CPU
		{FC7F269C-1BF0-43FF-B08E-2F011A9BBBE6}.Debug|Any CPU.ActiveCfg = Debug|Any CPU
		{FC7F269C-1BF0-43FF-B08E-2F011A9BBBE6}.Debug|Any CPU.Build.0 = Debug|Any CPU
		{FC7F269C-1BF0-43FF-B08E-2F011A9BBBE6}.Release|Any CPU.ActiveCfg = Release|Any CPU
		{FC7F269C-1BF0-43FF-B08E-2F011A9BBBE6}.Release|Any CPU.Build.0 = Release|Any CPU
		{5D7AAB08-840D-46AA-B35B-742C63F062FA}.Debug|Any CPU.ActiveCfg = Debug|Any CPU
		{5D7AAB08-840D-46AA-B35B-742C63F062FA}.Debug|Any CPU.Build.0 = Debug|Any CPU
		{5D7AAB08-840D-46AA-B35B-742C63F062FA}.Release|Any CPU.ActiveCfg = Release|Any CPU
		{5D7AAB08-840D-46AA-B35B-742C63F062FA}.Release|Any CPU.Build.0 = Release|Any CPU
	EndGlobalSection
	GlobalSection(SolutionProperties) = preSolution
		HideSolutionNode = FALSE
	EndGlobalSection
	GlobalSection(NestedProjects) = preSolution
		{7BFAC990-0AE7-40A8-AC92-BF5998EA882C} = {CFC1BD51-1821-4C55-BDF9-3967E20D36A2}
		{8138A03D-317B-4F66-88B6-FBE975C7283E} = {435093B0-3424-45D2-B055-9B3713BAA442}
		{A39056D0-AFB5-46FA-8B3C-984657A71881} = {435093B0-3424-45D2-B055-9B3713BAA442}
		{5F709F2E-721C-40A6-97D0-891F42AE2434} = {435093B0-3424-45D2-B055-9B3713BAA442}
		{F3E52966-B6BD-4157-9792-AF02B3D0D4FD} = {14EFBB0D-FDD1-4295-888E-C9C53FE5B26E}
		{EB98215F-36D4-4903-AE69-1BE2EF741941} = {8F170E70-3FCF-467C-A939-C62E2727407A}
		{82994CD1-145C-4544-B44C-D5B46DBBDE5C} = {F560347B-6E40-4EF2-A9D8-4FB54D31FB7D}
		{9530975F-572F-4647-A4DB-BF00A30857BA} = {8138A03D-317B-4F66-88B6-FBE975C7283E}
		{FC7F269C-1BF0-43FF-B08E-2F011A9BBBE6} = {5EF08FF8-AC18-4D25-9899-16AC73518B97}
		{5D7AAB08-840D-46AA-B35B-742C63F062FA} = {F560347B-6E40-4EF2-A9D8-4FB54D31FB7D}
	EndGlobalSection
	GlobalSection(ExtensibilityGlobals) = postSolution
		SolutionGuid = {0E3976D2-4EDF-4F78-BD3E-38AED42FEA18}
	EndGlobalSection
EndGlobal
